{
  "version": "4",
  "specifiers": {
    "npm:@uwdata/flechette@^1.1.2": "1.1.2"
  },
  "npm": {
    "@uwdata/flechette@1.1.2": {
      "integrity": "sha512-hhtAgXlJbibLIHHIyFJ2fcPQ/hAK43HtEirRgrb/v2xEQv4It/KcUOyMklaVPUv2Z7+agKjSWLAXGyAQglRPvQ=="
    }
  },
  "workspace": {
    "dependencies": [
      "npm:@uwdata/flechette@^1.1.2"
    ]
  }
}
